
Microsoft Visual Studio Solution File, Format Version 12.00
# Visual Studio Version 17
VisualStudioVersion = 17.0.31903.59
MinimumVisualStudioVersion = 10.0.40219.1
Project("{2150E333-8FDC-42A3-9474-1A3956D46DE8}") = "cs-src", "cs-src", "{928FCA8C-0C07-4D23-AB50-C7B13FF1BA72}"
EndProject
Project("{FAE04EC0-301F-11D3-BF4B-00C04F79EFBC}") = "Tsm", "cs-src\Tsm\Tsm.csproj", "{56C091D4-748F-4469-9080-63C643B562B3}"
EndProject
Global
	GlobalSection(SolutionConfigurationPlatforms) = preSolution
		Debug|Any CPU = Debug|Any CPU
		Release|Any CPU = Release|Any CPU
	EndGlobalSection
	GlobalSection(SolutionProperties) = preSolution
		HideSolutionNode = FALSE
	EndGlobalSection
	GlobalSection(ProjectConfigurationPlatforms) = postSolution
		{56C091D4-748F-4469-9080-63C643B562B3}.Debug|Any CPU.ActiveCfg = Debug|Any CPU
		{56C091D4-748F-4469-9080-63C643B562B3}.Debug|Any CPU.Build.0 = Debug|Any CPU
		{56C091D4-748F-4469-9080-63C643B562B3}.Release|Any CPU.ActiveCfg = Release|Any CPU
		{56C091D4-748F-4469-9080-63C643B562B3}.Release|Any CPU.Build.0 = Release|Any CPU
	EndGlobalSection
	GlobalSection(NestedProjects) = preSolution
		{56C091D4-748F-4469-9080-63C643B562B3} = {928FCA8C-0C07-4D23-AB50-C7B13FF1BA72}
	EndGlobalSection
EndGlobal
